// !$*UTF8*$!
{
	archiveVersion = 1;
	classes = {
	};
	objectVersion = 48;
	objects = {

/* Begin PBXBuildFile section */
		3403743E201766320004A833 /* WBNetWorkManager.swift in Sources */ = {isa = PBXBuildFile; fileRef = 3403743D201766320004A833 /* WBNetWorkManager.swift */; };
		34127FD020287AFC000FF9DB /* WeiboCommon.swift in Sources */ = {isa = PBXBuildFile; fileRef = 34127FCF20287AFC000FF9DB /* WeiboCommon.swift */; };
		34127FD320287E63000FF9DB /* WBOAuthViewController.swift in Sources */ = {isa = PBXBuildFile; fileRef = 34127FD220287E63000FF9DB /* WBOAuthViewController.swift */; };
		3415EC68200610210087B901 /* WBMainViewController.swift in Sources */ = {isa = PBXBuildFile; fileRef = 3415EC67200610210087B901 /* WBMainViewController.swift */; };
		3415EC6A200610C00087B901 /* WBNavigationController.swift in Sources */ = {isa = PBXBuildFile; fileRef = 3415EC69200610C00087B901 /* WBNavigationController.swift */; };
		3415EC6C200610F30087B901 /* WBBaseViewController.swift in Sources */ = {isa = PBXBuildFile; fileRef = 3415EC6B200610F30087B901 /* WBBaseViewController.swift */; };
		3415EC6E200611E30087B901 /* WBHomeViewController.swift in Sources */ = {isa = PBXBuildFile; fileRef = 3415EC6D200611E30087B901 /* WBHomeViewController.swift */; };
		3415EC70200612230087B901 /* WBMessageViewController.swift in Sources */ = {isa = PBXBuildFile; fileRef = 3415EC6F200612230087B901 /* WBMessageViewController.swift */; };
		3415EC72200612470087B901 /* WBDiscoverViewController.swift in Sources */ = {isa = PBXBuildFile; fileRef = 3415EC71200612470087B901 /* WBDiscoverViewController.swift */; };
		3415EC74200612620087B901 /* WBProfileViewController.swift in Sources */ = {isa = PBXBuildFile; fileRef = 3415EC73200612620087B901 /* WBProfileViewController.swift */; };
		3444C64D200F79CC00A0F154 /* main.json in Resources */ = {isa = PBXBuildFile; fileRef = 3444C64C200F79CC00A0F154 /* main.json */; };
		345C9F182020308F001BA70C /* Statuse.swift in Sources */ = {isa = PBXBuildFile; fileRef = 345C9F172020308E001BA70C /* Statuse.swift */; };
		345C9F24202030BE001BA70C /* Insecurity.swift in Sources */ = {isa = PBXBuildFile; fileRef = 345C9F19202030BB001BA70C /* Insecurity.swift */; };
		345C9F25202030BE001BA70C /* CommentManageInfo.swift in Sources */ = {isa = PBXBuildFile; fileRef = 345C9F1A202030BB001BA70C /* CommentManageInfo.swift */; };
		345C9F26202030BE001BA70C /* RootClass.swift in Sources */ = {isa = PBXBuildFile; fileRef = 345C9F1B202030BB001BA70C /* RootClass.swift */; };
		345C9F27202030BE001BA70C /* Visible.swift in Sources */ = {isa = PBXBuildFile; fileRef = 345C9F1C202030BB001BA70C /* Visible.swift */; };
		345C9F28202030BE001BA70C /* WeiboCamera.swift in Sources */ = {isa = PBXBuildFile; fileRef = 345C9F1D202030BB001BA70C /* WeiboCamera.swift */; };
		345C9F29202030BE001BA70C /* Annotation.swift in Sources */ = {isa = PBXBuildFile; fileRef = 345C9F1E202030BC001BA70C /* Annotation.swift */; };
		345C9F2A202030BE001BA70C /* PicUrl.swift in Sources */ = {isa = PBXBuildFile; fileRef = 345C9F1F202030BC001BA70C /* PicUrl.swift */; };
		345C9F2B202030BE001BA70C /* ExtendInfo.swift in Sources */ = {isa = PBXBuildFile; fileRef = 345C9F20202030BD001BA70C /* ExtendInfo.swift */; };
		345C9F2C202030BE001BA70C /* User.swift in Sources */ = {isa = PBXBuildFile; fileRef = 345C9F21202030BD001BA70C /* User.swift */; };
		345C9F2D202030BE001BA70C /* RetweetedStatu.swift in Sources */ = {isa = PBXBuildFile; fileRef = 345C9F22202030BD001BA70C /* RetweetedStatu.swift */; };
		346FEF7E2007A463003EE3C8 /* WBDemoViewController.swift in Sources */ = {isa = PBXBuildFile; fileRef = 346FEF7D2007A463003EE3C8 /* WBDemoViewController.swift */; };
		3481AF7E2005DF96009F58BF /* AppDelegate.swift in Sources */ = {isa = PBXBuildFile; fileRef = 3481AF7D2005DF96009F58BF /* AppDelegate.swift */; };
		3481AF852005DF96009F58BF /* Assets.xcassets in Resources */ = {isa = PBXBuildFile; fileRef = 3481AF842005DF96009F58BF /* Assets.xcassets */; };
		3481AF932005DF96009F58BF /* WeiboTests.swift in Sources */ = {isa = PBXBuildFile; fileRef = 3481AF922005DF96009F58BF /* WeiboTests.swift */; };
		3481AF9E2005DF96009F58BF /* WeiboUITests.swift in Sources */ = {isa = PBXBuildFile; fileRef = 3481AF9D2005DF96009F58BF /* WeiboUITests.swift */; };
		3495713B200C473A00F77C55 /* WBNavBar.swift in Sources */ = {isa = PBXBuildFile; fileRef = 3495713A200C473A00F77C55 /* WBNavBar.swift */; };
		3496BA3D200CE9F5008E60A2 /* WBVisitorView.swift in Sources */ = {isa = PBXBuildFile; fileRef = 3496BA3C200CE9F5008E60A2 /* WBVisitorView.swift */; };
		349DDE8F200700280078743F /* UIViewController+CZAddition.m in Sources */ = {isa = PBXBuildFile; fileRef = 349DDE76200700250078743F /* UIViewController+CZAddition.m */; };
		349DDE90200700280078743F /* UILabel+CZAddition.m in Sources */ = {isa = PBXBuildFile; fileRef = 349DDE77200700250078743F /* UILabel+CZAddition.m */; };
		349DDE91200700280078743F /* NSArray+Log.m in Sources */ = {isa = PBXBuildFile; fileRef = 349DDE78200700250078743F /* NSArray+Log.m */; };
		349DDE92200700280078743F /* UIScreen+CZAddition.m in Sources */ = {isa = PBXBuildFile; fileRef = 349DDE79200700250078743F /* UIScreen+CZAddition.m */; };
		349DDE93200700280078743F /* UIColor+CZAddition.m in Sources */ = {isa = PBXBuildFile; fileRef = 349DDE7A200700250078743F /* UIColor+CZAddition.m */; };
		349DDE94200700280078743F /* NSAttributedString+CZAdditon.m in Sources */ = {isa = PBXBuildFile; fileRef = 349DDE7B200700250078743F /* NSAttributedString+CZAdditon.m */; };
		349DDE95200700280078743F /* NSString+CZHash.m in Sources */ = {isa = PBXBuildFile; fileRef = 349DDE7C200700250078743F /* NSString+CZHash.m */; };
		349DDE96200700280078743F /* NSString+CZPath.m in Sources */ = {isa = PBXBuildFile; fileRef = 349DDE7F200700260078743F /* NSString+CZPath.m */; };
		349DDE97200700280078743F /* UIButton+CZAddition.m in Sources */ = {isa = PBXBuildFile; fileRef = 349DDE80200700260078743F /* UIButton+CZAddition.m */; };
		349DDE98200700280078743F /* NSString+CZBase64.m in Sources */ = {isa = PBXBuildFile; fileRef = 349DDE86200700260078743F /* NSString+CZBase64.m */; };
		349DDE99200700280078743F /* NSObject+CZRuntime.m in Sources */ = {isa = PBXBuildFile; fileRef = 349DDE8A200700270078743F /* NSObject+CZRuntime.m */; };
		349DDE9A200700280078743F /* UIView+CZAddition.m in Sources */ = {isa = PBXBuildFile; fileRef = 349DDE8E200700280078743F /* UIView+CZAddition.m */; };
		349DDE9D200704550078743F /* Extension+Controller.swift in Sources */ = {isa = PBXBuildFile; fileRef = 349DDE9C200704550078743F /* Extension+Controller.swift */; };
		349DDE9F200708BD0078743F /* Bundle+Extensions.swift in Sources */ = {isa = PBXBuildFile; fileRef = 349DDE9E200708BD0078743F /* Bundle+Extensions.swift */; };
		349DDEA92008898D0078743F /* UIBarButtonitem+Extensions.swift in Sources */ = {isa = PBXBuildFile; fileRef = 349DDEA82008898D0078743F /* UIBarButtonitem+Extensions.swift */; };
		34AAD03F2018ADF00023BF39 /* WBSatues.swift in Sources */ = {isa = PBXBuildFile; fileRef = 34AAD03E2018ADF00023BF39 /* WBSatues.swift */; };
		34AAD0412018B1030023BF39 /* WBSatuesListViewModel.swift in Sources */ = {isa = PBXBuildFile; fileRef = 34AAD0402018B1030023BF39 /* WBSatuesListViewModel.swift */; };
		34AC7FFF2045803300B1BEBC /* WBTitleButton.swift in Sources */ = {isa = PBXBuildFile; fileRef = 34AC7FFE2045803300B1BEBC /* WBTitleButton.swift */; };
		34AC800220458C8700B1BEBC /* WBWelcomeView.swift in Sources */ = {isa = PBXBuildFile; fileRef = 34AC800120458C8700B1BEBC /* WBWelcomeView.swift */; };
		34AC800420458CF500B1BEBC /* WBNewFeature.swift in Sources */ = {isa = PBXBuildFile; fileRef = 34AC800320458CF500B1BEBC /* WBNewFeature.swift */; };
		34AC80082046D10900B1BEBC /* WBWelcomeView.xib in Resources */ = {isa = PBXBuildFile; fileRef = 34AC80072046D10900B1BEBC /* WBWelcomeView.xib */; };
		34AC800A2046E00A00B1BEBC /* WBNewFeature.xib in Resources */ = {isa = PBXBuildFile; fileRef = 34AC80092046E00A00B1BEBC /* WBNewFeature.xib */; };
		34BE6AA9202D9D2100DCCA21 /* WBUserAccount.swift in Sources */ = {isa = PBXBuildFile; fileRef = 34BE6AA8202D9D2100DCCA21 /* WBUserAccount.swift */; };
		34BE8585201775DB00B268F7 /* WBNetWorkManager+extension.swift in Sources */ = {isa = PBXBuildFile; fileRef = 34BE8584201775DB00B268F7 /* WBNetWorkManager+extension.swift */; };
		34D6DCAE205159AC00F6E691 /* WBStatusCell.swift in Sources */ = {isa = PBXBuildFile; fileRef = 34D6DCAD205159AC00F6E691 /* WBStatusCell.swift */; };
		34D6DCB0205159E900F6E691 /* WBStatusNormalCell.xib in Resources */ = {isa = PBXBuildFile; fileRef = 34D6DCAF205159E900F6E691 /* WBStatusNormalCell.xib */; };
		34D6DCB22056AEEA00F6E691 /* WBUser.swift in Sources */ = {isa = PBXBuildFile; fileRef = 34D6DCB12056AEEA00F6E691 /* WBUser.swift */; };
		34D6DCB42056B67300F6E691 /* WBSatuesViewModel.swift in Sources */ = {isa = PBXBuildFile; fileRef = 34D6DCB32056B67300F6E691 /* WBSatuesViewModel.swift */; };
		34D6DCB62058007100F6E691 /* UIImageView+WebImage.swift in Sources */ = {isa = PBXBuildFile; fileRef = 34D6DCB52058007100F6E691 /* UIImageView+WebImage.swift */; };
		392DC95AB4EABD108D6B49C5 /* Pods_WeiboUITests.framework in Frameworks */ = {isa = PBXBuildFile; fileRef = 3D8D4DB571E88859224BE522 /* Pods_WeiboUITests.framework */; };
		539BF32FD6D3B80CAD9CC8FE /* Pods_WeiboTests.framework in Frameworks */ = {isa = PBXBuildFile; fileRef = 10B556227FCB1A2694AC0FF4 /* Pods_WeiboTests.framework */; };
		5D2C825BFABE55FE932641D8 /* Pods_Weibo.framework in Frameworks */ = {isa = PBXBuildFile; fileRef = 5AF918B26D8611DDC43B865C /* Pods_Weibo.framework */; };
/* End PBXBuildFile section */

/* Begin PBXContainerItemProxy section */
		3481AF8F2005DF96009F58BF /* PBXContainerItemProxy */ = {
			isa = PBXContainerItemProxy;
			containerPortal = 3481AF722005DF96009F58BF /* Project object */;
			proxyType = 1;
			remoteGlobalIDString = 3481AF792005DF96009F58BF;
			remoteInfo = Weibo;
		};
		3481AF9A2005DF96009F58BF /* PBXContainerItemProxy */ = {
			isa = PBXContainerItemProxy;
			containerPortal = 3481AF722005DF96009F58BF /* Project object */;
			proxyType = 1;
			remoteGlobalIDString = 3481AF792005DF96009F58BF;
			remoteInfo = Weibo;
		};
/* End PBXContainerItemProxy section */

/* Begin PBXFileReference section */
		10B556227FCB1A2694AC0FF4 /* Pods_WeiboTests.framework */ = {isa = PBXFileReference; explicitFileType = wrapper.framework; includeInIndex = 0; path = Pods_WeiboTests.framework; sourceTree = BUILT_PRODUCTS_DIR; };
		25B2985AB68DADC6A58B4B9E /* Pods-WeiboUITests.debug.xcconfig */ = {isa = PBXFileReference; includeInIndex = 1; lastKnownFileType = text.xcconfig; name = "Pods-WeiboUITests.debug.xcconfig"; path = "Pods/Target Support Files/Pods-WeiboUITests/Pods-WeiboUITests.debug.xcconfig"; sourceTree = "<group>"; };
		3403743D201766320004A833 /* WBNetWorkManager.swift */ = {isa = PBXFileReference; lastKnownFileType = sourcecode.swift; path = WBNetWorkManager.swift; sourceTree = "<group>"; };
		34127FCF20287AFC000FF9DB /* WeiboCommon.swift */ = {isa = PBXFileReference; lastKnownFileType = sourcecode.swift; path = WeiboCommon.swift; sourceTree = "<group>"; };
		34127FD220287E63000FF9DB /* WBOAuthViewController.swift */ = {isa = PBXFileReference; lastKnownFileType = sourcecode.swift; path = WBOAuthViewController.swift; sourceTree = "<group>"; };
		3415EC67200610210087B901 /* WBMainViewController.swift */ = {isa = PBXFileReference; lastKnownFileType = sourcecode.swift; path = WBMainViewController.swift; sourceTree = "<group>"; };
		3415EC69200610C00087B901 /* WBNavigationController.swift */ = {isa = PBXFileReference; lastKnownFileType = sourcecode.swift; path = WBNavigationController.swift; sourceTree = "<group>"; };
		3415EC6B200610F30087B901 /* WBBaseViewController.swift */ = {isa = PBXFileReference; lastKnownFileType = sourcecode.swift; path = WBBaseViewController.swift; sourceTree = "<group>"; };
		3415EC6D200611E30087B901 /* WBHomeViewController.swift */ = {isa = PBXFileReference; lastKnownFileType = sourcecode.swift; path = WBHomeViewController.swift; sourceTree = "<group>"; };
		3415EC6F200612230087B901 /* WBMessageViewController.swift */ = {isa = PBXFileReference; lastKnownFileType = sourcecode.swift; path = WBMessageViewController.swift; sourceTree = "<group>"; };
		3415EC71200612470087B901 /* WBDiscoverViewController.swift */ = {isa = PBXFileReference; lastKnownFileType = sourcecode.swift; path = WBDiscoverViewController.swift; sourceTree = "<group>"; };
		3415EC73200612620087B901 /* WBProfileViewController.swift */ = {isa = PBXFileReference; lastKnownFileType = sourcecode.swift; path = WBProfileViewController.swift; sourceTree = "<group>"; };
		3444C64C200F79CC00A0F154 /* main.json */ = {isa = PBXFileReference; fileEncoding = 4; lastKnownFileType = text.json; path = main.json; sourceTree = "<group>"; };
		345C9F172020308E001BA70C /* Statuse.swift */ = {isa = PBXFileReference; fileEncoding = 4; lastKnownFileType = sourcecode.swift; path = Statuse.swift; sourceTree = "<group>"; };
		345C9F19202030BB001BA70C /* Insecurity.swift */ = {isa = PBXFileReference; fileEncoding = 4; lastKnownFileType = sourcecode.swift; path = Insecurity.swift; sourceTree = "<group>"; };
		345C9F1A202030BB001BA70C /* CommentManageInfo.swift */ = {isa = PBXFileReference; fileEncoding = 4; lastKnownFileType = sourcecode.swift; path = CommentManageInfo.swift; sourceTree = "<group>"; };
		345C9F1B202030BB001BA70C /* RootClass.swift */ = {isa = PBXFileReference; fileEncoding = 4; lastKnownFileType = sourcecode.swift; path = RootClass.swift; sourceTree = "<group>"; };
		345C9F1C202030BB001BA70C /* Visible.swift */ = {isa = PBXFileReference; fileEncoding = 4; lastKnownFileType = sourcecode.swift; path = Visible.swift; sourceTree = "<group>"; };
		345C9F1D202030BB001BA70C /* WeiboCamera.swift */ = {isa = PBXFileReference; fileEncoding = 4; lastKnownFileType = sourcecode.swift; path = WeiboCamera.swift; sourceTree = "<group>"; };
		345C9F1E202030BC001BA70C /* Annotation.swift */ = {isa = PBXFileReference; fileEncoding = 4; lastKnownFileType = sourcecode.swift; path = Annotation.swift; sourceTree = "<group>"; };
		345C9F1F202030BC001BA70C /* PicUrl.swift */ = {isa = PBXFileReference; fileEncoding = 4; lastKnownFileType = sourcecode.swift; path = PicUrl.swift; sourceTree = "<group>"; };
		345C9F20202030BD001BA70C /* ExtendInfo.swift */ = {isa = PBXFileReference; fileEncoding = 4; lastKnownFileType = sourcecode.swift; path = ExtendInfo.swift; sourceTree = "<group>"; };
		345C9F21202030BD001BA70C /* User.swift */ = {isa = PBXFileReference; fileEncoding = 4; lastKnownFileType = sourcecode.swift; path = User.swift; sourceTree = "<group>"; };
		345C9F22202030BD001BA70C /* RetweetedStatu.swift */ = {isa = PBXFileReference; fileEncoding = 4; lastKnownFileType = sourcecode.swift; path = RetweetedStatu.swift; sourceTree = "<group>"; };
		346FEF7D2007A463003EE3C8 /* WBDemoViewController.swift */ = {isa = PBXFileReference; lastKnownFileType = sourcecode.swift; path = WBDemoViewController.swift; sourceTree = "<group>"; };
		3481AF7A2005DF96009F58BF /* Weibo.app */ = {isa = PBXFileReference; explicitFileType = wrapper.application; includeInIndex = 0; path = Weibo.app; sourceTree = BUILT_PRODUCTS_DIR; };
		3481AF7D2005DF96009F58BF /* AppDelegate.swift */ = {isa = PBXFileReference; lastKnownFileType = sourcecode.swift; path = AppDelegate.swift; sourceTree = "<group>"; };
		3481AF842005DF96009F58BF /* Assets.xcassets */ = {isa = PBXFileReference; lastKnownFileType = folder.assetcatalog; path = Assets.xcassets; sourceTree = "<group>"; };
		3481AF892005DF96009F58BF /* Info.plist */ = {isa = PBXFileReference; lastKnownFileType = text.plist.xml; path = Info.plist; sourceTree = "<group>"; };
		3481AF8E2005DF96009F58BF /* WeiboTests.xctest */ = {isa = PBXFileReference; explicitFileType = wrapper.cfbundle; includeInIndex = 0; path = WeiboTests.xctest; sourceTree = BUILT_PRODUCTS_DIR; };
		3481AF922005DF96009F58BF /* WeiboTests.swift */ = {isa = PBXFileReference; lastKnownFileType = sourcecode.swift; path = WeiboTests.swift; sourceTree = "<group>"; };
		3481AF942005DF96009F58BF /* Info.plist */ = {isa = PBXFileReference; lastKnownFileType = text.plist.xml; path = Info.plist; sourceTree = "<group>"; };
		3481AF992005DF96009F58BF /* WeiboUITests.xctest */ = {isa = PBXFileReference; explicitFileType = wrapper.cfbundle; includeInIndex = 0; path = WeiboUITests.xctest; sourceTree = BUILT_PRODUCTS_DIR; };
		3481AF9D2005DF96009F58BF /* WeiboUITests.swift */ = {isa = PBXFileReference; lastKnownFileType = sourcecode.swift; path = WeiboUITests.swift; sourceTree = "<group>"; };
		3481AF9F2005DF96009F58BF /* Info.plist */ = {isa = PBXFileReference; lastKnownFileType = text.plist.xml; path = Info.plist; sourceTree = "<group>"; };
		3495713A200C473A00F77C55 /* WBNavBar.swift */ = {isa = PBXFileReference; lastKnownFileType = sourcecode.swift; path = WBNavBar.swift; sourceTree = "<group>"; };
		3496BA3C200CE9F5008E60A2 /* WBVisitorView.swift */ = {isa = PBXFileReference; lastKnownFileType = sourcecode.swift; path = WBVisitorView.swift; sourceTree = "<group>"; };
		349DDE76200700250078743F /* UIViewController+CZAddition.m */ = {isa = PBXFileReference; fileEncoding = 4; lastKnownFileType = sourcecode.c.objc; path = "UIViewController+CZAddition.m"; sourceTree = "<group>"; };
		349DDE77200700250078743F /* UILabel+CZAddition.m */ = {isa = PBXFileReference; fileEncoding = 4; lastKnownFileType = sourcecode.c.objc; path = "UILabel+CZAddition.m"; sourceTree = "<group>"; };
		349DDE78200700250078743F /* NSArray+Log.m */ = {isa = PBXFileReference; fileEncoding = 4; lastKnownFileType = sourcecode.c.objc; path = "NSArray+Log.m"; sourceTree = "<group>"; };
		349DDE79200700250078743F /* UIScreen+CZAddition.m */ = {isa = PBXFileReference; fileEncoding = 4; lastKnownFileType = sourcecode.c.objc; path = "UIScreen+CZAddition.m"; sourceTree = "<group>"; };
		349DDE7A200700250078743F /* UIColor+CZAddition.m */ = {isa = PBXFileReference; fileEncoding = 4; lastKnownFileType = sourcecode.c.objc; path = "UIColor+CZAddition.m"; sourceTree = "<group>"; };
		349DDE7B200700250078743F /* NSAttributedString+CZAdditon.m */ = {isa = PBXFileReference; fileEncoding = 4; lastKnownFileType = sourcecode.c.objc; path = "NSAttributedString+CZAdditon.m"; sourceTree = "<group>"; };
		349DDE7C200700250078743F /* NSString+CZHash.m */ = {isa = PBXFileReference; fileEncoding = 4; lastKnownFileType = sourcecode.c.objc; path = "NSString+CZHash.m"; sourceTree = "<group>"; };
		349DDE7D200700250078743F /* UILabel+CZAddition.h */ = {isa = PBXFileReference; fileEncoding = 4; lastKnownFileType = sourcecode.c.h; path = "UILabel+CZAddition.h"; sourceTree = "<group>"; };
		349DDE7E200700250078743F /* NSString+CZPath.h */ = {isa = PBXFileReference; fileEncoding = 4; lastKnownFileType = sourcecode.c.h; path = "NSString+CZPath.h"; sourceTree = "<group>"; };
		349DDE7F200700260078743F /* NSString+CZPath.m */ = {isa = PBXFileReference; fileEncoding = 4; lastKnownFileType = sourcecode.c.objc; path = "NSString+CZPath.m"; sourceTree = "<group>"; };
		349DDE80200700260078743F /* UIButton+CZAddition.m */ = {isa = PBXFileReference; fileEncoding = 4; lastKnownFileType = sourcecode.c.objc; path = "UIButton+CZAddition.m"; sourceTree = "<group>"; };
		349DDE81200700260078743F /* CZAdditions.h */ = {isa = PBXFileReference; fileEncoding = 4; lastKnownFileType = sourcecode.c.h; path = CZAdditions.h; sourceTree = "<group>"; };
		349DDE82200700260078743F /* UIView+CZAddition.h */ = {isa = PBXFileReference; fileEncoding = 4; lastKnownFileType = sourcecode.c.h; path = "UIView+CZAddition.h"; sourceTree = "<group>"; };
		349DDE83200700260078743F /* NSArray+Log.h */ = {isa = PBXFileReference; fileEncoding = 4; lastKnownFileType = sourcecode.c.h; path = "NSArray+Log.h"; sourceTree = "<group>"; };
		349DDE84200700260078743F /* NSString+CZBase64.h */ = {isa = PBXFileReference; fileEncoding = 4; lastKnownFileType = sourcecode.c.h; path = "NSString+CZBase64.h"; sourceTree = "<group>"; };
		349DDE85200700260078743F /* UIScreen+CZAddition.h */ = {isa = PBXFileReference; fileEncoding = 4; lastKnownFileType = sourcecode.c.h; path = "UIScreen+CZAddition.h"; sourceTree = "<group>"; };
		349DDE86200700260078743F /* NSString+CZBase64.m */ = {isa = PBXFileReference; fileEncoding = 4; lastKnownFileType = sourcecode.c.objc; path = "NSString+CZBase64.m"; sourceTree = "<group>"; };
		349DDE87200700260078743F /* UIColor+CZAddition.h */ = {isa = PBXFileReference; fileEncoding = 4; lastKnownFileType = sourcecode.c.h; path = "UIColor+CZAddition.h"; sourceTree = "<group>"; };
		349DDE88200700270078743F /* UIViewController+CZAddition.h */ = {isa = PBXFileReference; fileEncoding = 4; lastKnownFileType = sourcecode.c.h; path = "UIViewController+CZAddition.h"; sourceTree = "<group>"; };
		349DDE89200700270078743F /* NSAttributedString+CZAdditon.h */ = {isa = PBXFileReference; fileEncoding = 4; lastKnownFileType = sourcecode.c.h; path = "NSAttributedString+CZAdditon.h"; sourceTree = "<group>"; };
		349DDE8A200700270078743F /* NSObject+CZRuntime.m */ = {isa = PBXFileReference; fileEncoding = 4; lastKnownFileType = sourcecode.c.objc; path = "NSObject+CZRuntime.m"; sourceTree = "<group>"; };
		349DDE8B200700270078743F /* NSObject+CZRuntime.h */ = {isa = PBXFileReference; fileEncoding = 4; lastKnownFileType = sourcecode.c.h; path = "NSObject+CZRuntime.h"; sourceTree = "<group>"; };
		349DDE8C200700270078743F /* NSString+CZHash.h */ = {isa = PBXFileReference; fileEncoding = 4; lastKnownFileType = sourcecode.c.h; path = "NSString+CZHash.h"; sourceTree = "<group>"; };
		349DDE8D200700270078743F /* UIButton+CZAddition.h */ = {isa = PBXFileReference; fileEncoding = 4; lastKnownFileType = sourcecode.c.h; path = "UIButton+CZAddition.h"; sourceTree = "<group>"; };
		349DDE8E200700280078743F /* UIView+CZAddition.m */ = {isa = PBXFileReference; fileEncoding = 4; lastKnownFileType = sourcecode.c.objc; path = "UIView+CZAddition.m"; sourceTree = "<group>"; };
		349DDE9C200704550078743F /* Extension+Controller.swift */ = {isa = PBXFileReference; lastKnownFileType = sourcecode.swift; path = "Extension+Controller.swift"; sourceTree = "<group>"; };
		349DDE9E200708BD0078743F /* Bundle+Extensions.swift */ = {isa = PBXFileReference; fileEncoding = 4; lastKnownFileType = sourcecode.swift; path = "Bundle+Extensions.swift"; sourceTree = "<group>"; };
		349DDEA82008898D0078743F /* UIBarButtonitem+Extensions.swift */ = {isa = PBXFileReference; lastKnownFileType = sourcecode.swift; path = "UIBarButtonitem+Extensions.swift"; sourceTree = "<group>"; };
		34AAD03E2018ADF00023BF39 /* WBSatues.swift */ = {isa = PBXFileReference; lastKnownFileType = sourcecode.swift; path = WBSatues.swift; sourceTree = "<group>"; };
		34AAD0402018B1030023BF39 /* WBSatuesListViewModel.swift */ = {isa = PBXFileReference; lastKnownFileType = sourcecode.swift; path = WBSatuesListViewModel.swift; sourceTree = "<group>"; };
		34AC7FFE2045803300B1BEBC /* WBTitleButton.swift */ = {isa = PBXFileReference; lastKnownFileType = sourcecode.swift; path = WBTitleButton.swift; sourceTree = "<group>"; };
		34AC800120458C8700B1BEBC /* WBWelcomeView.swift */ = {isa = PBXFileReference; lastKnownFileType = sourcecode.swift; path = WBWelcomeView.swift; sourceTree = "<group>"; };
		34AC800320458CF500B1BEBC /* WBNewFeature.swift */ = {isa = PBXFileReference; lastKnownFileType = sourcecode.swift; path = WBNewFeature.swift; sourceTree = "<group>"; };
		34AC80072046D10900B1BEBC /* WBWelcomeView.xib */ = {isa = PBXFileReference; lastKnownFileType = file.xib; path = WBWelcomeView.xib; sourceTree = "<group>"; };
		34AC80092046E00A00B1BEBC /* WBNewFeature.xib */ = {isa = PBXFileReference; lastKnownFileType = file.xib; path = WBNewFeature.xib; sourceTree = "<group>"; };
		34BE6AA8202D9D2100DCCA21 /* WBUserAccount.swift */ = {isa = PBXFileReference; lastKnownFileType = sourcecode.swift; path = WBUserAccount.swift; sourceTree = "<group>"; };
		34BE8584201775DB00B268F7 /* WBNetWorkManager+extension.swift */ = {isa = PBXFileReference; lastKnownFileType = sourcecode.swift; path = "WBNetWorkManager+extension.swift"; sourceTree = "<group>"; };
		34C7CDB4200650230000C6C6 /* Weibo-Bridge.h */ = {isa = PBXFileReference; lastKnownFileType = sourcecode.c.h; path = "Weibo-Bridge.h"; sourceTree = "<group>"; };
		34C7CDB6200654AB0000C6C6 /* UIColor+CZAddition.m */ = {isa = PBXFileReference; fileEncoding = 4; lastKnownFileType = sourcecode.c.objc; path = "UIColor+CZAddition.m"; sourceTree = "<group>"; };
		34C7CDB7200654AB0000C6C6 /* UIView+CZAddition.m */ = {isa = PBXFileReference; fileEncoding = 4; lastKnownFileType = sourcecode.c.objc; path = "UIView+CZAddition.m"; sourceTree = "<group>"; };
		34C7CDBA200654AB0000C6C6 /* UIScreen+CZAddition.m */ = {isa = PBXFileReference; fileEncoding = 4; lastKnownFileType = sourcecode.c.objc; path = "UIScreen+CZAddition.m"; sourceTree = "<group>"; };
		34C7CDBC200654AB0000C6C6 /* UILabel+CZAddition.m */ = {isa = PBXFileReference; fileEncoding = 4; lastKnownFileType = sourcecode.c.objc; path = "UILabel+CZAddition.m"; sourceTree = "<group>"; };
		34C7CDBE200654AB0000C6C6 /* NSString+CZBase64.m */ = {isa = PBXFileReference; fileEncoding = 4; lastKnownFileType = sourcecode.c.objc; path = "NSString+CZBase64.m"; sourceTree = "<group>"; };
		34C7CDBF200654AB0000C6C6 /* NSString+CZPath.m */ = {isa = PBXFileReference; fileEncoding = 4; lastKnownFileType = sourcecode.c.objc; path = "NSString+CZPath.m"; sourceTree = "<group>"; };
		34C7CDC2200654AB0000C6C6 /* UIButton+CZAddition.m */ = {isa = PBXFileReference; fileEncoding = 4; lastKnownFileType = sourcecode.c.objc; path = "UIButton+CZAddition.m"; sourceTree = "<group>"; };
		34C7CDC5200654AB0000C6C6 /* NSObject+CZRuntime.m */ = {isa = PBXFileReference; fileEncoding = 4; lastKnownFileType = sourcecode.c.objc; path = "NSObject+CZRuntime.m"; sourceTree = "<group>"; };
		34C7CDC8200654AB0000C6C6 /* UIViewController+CZAddition.m */ = {isa = PBXFileReference; fileEncoding = 4; lastKnownFileType = sourcecode.c.objc; path = "UIViewController+CZAddition.m"; sourceTree = "<group>"; };
		34C7CDC9200654AB0000C6C6 /* NSString+CZHash.m */ = {isa = PBXFileReference; fileEncoding = 4; lastKnownFileType = sourcecode.c.objc; path = "NSString+CZHash.m"; sourceTree = "<group>"; };
		34C7CDCC200654AB0000C6C6 /* NSAttributedString+CZAdditon.m */ = {isa = PBXFileReference; fileEncoding = 4; lastKnownFileType = sourcecode.c.objc; path = "NSAttributedString+CZAdditon.m"; sourceTree = "<group>"; };
		34C7CDCD200654AB0000C6C6 /* NSArray+Log.m */ = {isa = PBXFileReference; fileEncoding = 4; lastKnownFileType = sourcecode.c.objc; path = "NSArray+Log.m"; sourceTree = "<group>"; };
		34D6DCAD205159AC00F6E691 /* WBStatusCell.swift */ = {isa = PBXFileReference; lastKnownFileType = sourcecode.swift; path = WBStatusCell.swift; sourceTree = "<group>"; };
		34D6DCAF205159E900F6E691 /* WBStatusNormalCell.xib */ = {isa = PBXFileReference; lastKnownFileType = file.xib; path = WBStatusNormalCell.xib; sourceTree = "<group>"; };
		34D6DCB12056AEEA00F6E691 /* WBUser.swift */ = {isa = PBXFileReference; lastKnownFileType = sourcecode.swift; path = WBUser.swift; sourceTree = "<group>"; };
		34D6DCB32056B67300F6E691 /* WBSatuesViewModel.swift */ = {isa = PBXFileReference; lastKnownFileType = sourcecode.swift; path = WBSatuesViewModel.swift; sourceTree = "<group>"; };
		34D6DCB52058007100F6E691 /* UIImageView+WebImage.swift */ = {isa = PBXFileReference; lastKnownFileType = sourcecode.swift; path = "UIImageView+WebImage.swift"; sourceTree = "<group>"; };
		3D8D4DB571E88859224BE522 /* Pods_WeiboUITests.framework */ = {isa = PBXFileReference; explicitFileType = wrapper.framework; includeInIndex = 0; path = Pods_WeiboUITests.framework; sourceTree = BUILT_PRODUCTS_DIR; };
		5AF918B26D8611DDC43B865C /* Pods_Weibo.framework */ = {isa = PBXFileReference; explicitFileType = wrapper.framework; includeInIndex = 0; path = Pods_Weibo.framework; sourceTree = BUILT_PRODUCTS_DIR; };
		696EB16F50A127B2E73E61A9 /* Pods-Weibo.debug.xcconfig */ = {isa = PBXFileReference; includeInIndex = 1; lastKnownFileType = text.xcconfig; name = "Pods-Weibo.debug.xcconfig"; path = "Pods/Target Support Files/Pods-Weibo/Pods-Weibo.debug.xcconfig"; sourceTree = "<group>"; };
		D24BD9E151C07DFFF417B93B /* Pods-WeiboTests.release.xcconfig */ = {isa = PBXFileReference; includeInIndex = 1; lastKnownFileType = text.xcconfig; name = "Pods-WeiboTests.release.xcconfig"; path = "Pods/Target Support Files/Pods-WeiboTests/Pods-WeiboTests.release.xcconfig"; sourceTree = "<group>"; };
		D5E97BF3D7703BBB6491A7F6 /* Pods-Weibo.release.xcconfig */ = {isa = PBXFileReference; includeInIndex = 1; lastKnownFileType = text.xcconfig; name = "Pods-Weibo.release.xcconfig"; path = "Pods/Target Support Files/Pods-Weibo/Pods-Weibo.release.xcconfig"; sourceTree = "<group>"; };
		E28A91C2A8B1FF3B837A9B99 /* Pods-WeiboUITests.release.xcconfig */ = {isa = PBXFileReference; includeInIndex = 1; lastKnownFileType = text.xcconfig; name = "Pods-WeiboUITests.release.xcconfig"; path = "Pods/Target Support Files/Pods-WeiboUITests/Pods-WeiboUITests.release.xcconfig"; sourceTree = "<group>"; };
		E4ED283C3B0DD4C2AA6FFE77 /* Pods-WeiboTests.debug.xcconfig */ = {isa = PBXFileReference; includeInIndex = 1; lastKnownFileType = text.xcconfig; name = "Pods-WeiboTests.debug.xcconfig"; path = "Pods/Target Support Files/Pods-WeiboTests/Pods-WeiboTests.debug.xcconfig"; sourceTree = "<group>"; };
/* End PBXFileReference section */

/* Begin PBXFrameworksBuildPhase section */
		3481AF772005DF96009F58BF /* Frameworks */ = {
			isa = PBXFrameworksBuildPhase;
			buildActionMask = 2147483647;
			files = (
				5D2C825BFABE55FE932641D8 /* Pods_Weibo.framework in Frameworks */,
			);
			runOnlyForDeploymentPostprocessing = 0;
		};
		3481AF8B2005DF96009F58BF /* Frameworks */ = {
			isa = PBXFrameworksBuildPhase;
			buildActionMask = 2147483647;
			files = (
				539BF32FD6D3B80CAD9CC8FE /* Pods_WeiboTests.framework in Frameworks */,
			);
			runOnlyForDeploymentPostprocessing = 0;
		};
		3481AF962005DF96009F58BF /* Frameworks */ = {
			isa = PBXFrameworksBuildPhase;
			buildActionMask = 2147483647;
			files = (
				392DC95AB4EABD108D6B49C5 /* Pods_WeiboUITests.framework in Frameworks */,
			);
			runOnlyForDeploymentPostprocessing = 0;
		};
/* End PBXFrameworksBuildPhase section */

/* Begin PBXGroup section */
		3403743C201762990004A833 /* NetWork */ = {
			isa = PBXGroup;
			children = (
				34BE6AA7202D9CDB00DCCA21 /* Model */,
				3403743D201766320004A833 /* WBNetWorkManager.swift */,
				34BE8584201775DB00B268F7 /* WBNetWorkManager+extension.swift */,
			);
			path = NetWork;
			sourceTree = "<group>";
		};
		34127FD120287E12000FF9DB /* OAuth */ = {
			isa = PBXGroup;
			children = (
				34127FD220287E63000FF9DB /* WBOAuthViewController.swift */,
			);
			path = OAuth;
			sourceTree = "<group>";
		};
		3415EC5D20060E830087B901 /* Classes */ = {
			isa = PBXGroup;
			children = (
				349DDE292006FDC90078743F /* Tools */,
				349DDE282006FDC10078743F /* Model */,
				349DDE272006FDC10078743F /* ViewModel */,
				3415EC6120060E830087B901 /* View */,
			);
			path = Classes;
			sourceTree = "<group>";
		};
		3415EC6120060E830087B901 /* View */ = {
			isa = PBXGroup;
			children = (
				3415EC6220060E830087B901 /* Home */,
				3415EC6320060E830087B901 /* Discover */,
				3415EC6420060E830087B901 /* Message */,
				3415EC6520060E830087B901 /* Profile */,
				3415EC6620060E830087B901 /* Main */,
			);
			path = View;
			sourceTree = "<group>";
		};
		3415EC6220060E830087B901 /* Home */ = {
			isa = PBXGroup;
			children = (
				34D6DCAC2051595800F6E691 /* StatusCell */,
				34AC7FFD20457FF500B1BEBC /* TitleButton */,
				3415EC6D200611E30087B901 /* WBHomeViewController.swift */,
			);
			path = Home;
			sourceTree = "<group>";
		};
		3415EC6320060E830087B901 /* Discover */ = {
			isa = PBXGroup;
			children = (
				3415EC71200612470087B901 /* WBDiscoverViewController.swift */,
			);
			path = Discover;
			sourceTree = "<group>";
		};
		3415EC6420060E830087B901 /* Message */ = {
			isa = PBXGroup;
			children = (
				3415EC6F200612230087B901 /* WBMessageViewController.swift */,
			);
			path = Message;
			sourceTree = "<group>";
		};
		3415EC6520060E830087B901 /* Profile */ = {
			isa = PBXGroup;
			children = (
				3415EC73200612620087B901 /* WBProfileViewController.swift */,
			);
			path = Profile;
			sourceTree = "<group>";
		};
		3415EC6620060E830087B901 /* Main */ = {
			isa = PBXGroup;
			children = (
				34AC800020458A8C00B1BEBC /* NewFeature */,
				34127FD120287E12000FF9DB /* OAuth */,
				3444C64C200F79CC00A0F154 /* main.json */,
				3496BA3B200CE95E008E60A2 /* VisitorView */,
				346FEF7C2007A42B003EE3C8 /* 测试 */,
				3415EC67200610210087B901 /* WBMainViewController.swift */,
				3415EC69200610C00087B901 /* WBNavigationController.swift */,
				3415EC6B200610F30087B901 /* WBBaseViewController.swift */,
			);
			path = Main;
			sourceTree = "<group>";
		};
		346FEF7C2007A42B003EE3C8 /* 测试 */ = {
			isa = PBXGroup;
			children = (
				346FEF7D2007A463003EE3C8 /* WBDemoViewController.swift */,
			);
			path = "测试";
			sourceTree = "<group>";
		};
		3481AF712005DF96009F58BF = {
			isa = PBXGroup;
			children = (
				3481AF7C2005DF96009F58BF /* Weibo */,
				3481AF912005DF96009F58BF /* WeiboTests */,
				3481AF9C2005DF96009F58BF /* WeiboUITests */,
				3481AF7B2005DF96009F58BF /* Products */,
				349DDE262006FDA10078743F /* Recovered References */,
				BC34121C875B146C2430D507 /* Pods */,
				FD0DE71A3384E37F63554193 /* Frameworks */,
			);
			sourceTree = "<group>";
		};
		3481AF7B2005DF96009F58BF /* Products */ = {
			isa = PBXGroup;
			children = (
				3481AF7A2005DF96009F58BF /* Weibo.app */,
				3481AF8E2005DF96009F58BF /* WeiboTests.xctest */,
				3481AF992005DF96009F58BF /* WeiboUITests.xctest */,
			);
			name = Products;
			sourceTree = "<group>";
		};
		3481AF7C2005DF96009F58BF /* Weibo */ = {
			isa = PBXGroup;
			children = (
				3415EC5D20060E830087B901 /* Classes */,
				3481AF7D2005DF96009F58BF /* AppDelegate.swift */,
				34C7CDB4200650230000C6C6 /* Weibo-Bridge.h */,
				3481AF842005DF96009F58BF /* Assets.xcassets */,
				3481AF892005DF96009F58BF /* Info.plist */,
			);
			path = Weibo;
			sourceTree = "<group>";
		};
		3481AF912005DF96009F58BF /* WeiboTests */ = {
			isa = PBXGroup;
			children = (
				3481AF922005DF96009F58BF /* WeiboTests.swift */,
				3481AF942005DF96009F58BF /* Info.plist */,
			);
			path = WeiboTests;
			sourceTree = "<group>";
		};
		3481AF9C2005DF96009F58BF /* WeiboUITests */ = {
			isa = PBXGroup;
			children = (
				3481AF9D2005DF96009F58BF /* WeiboUITests.swift */,
				3481AF9F2005DF96009F58BF /* Info.plist */,
			);
			path = WeiboUITests;
			sourceTree = "<group>";
		};
		3496BA3B200CE95E008E60A2 /* VisitorView */ = {
			isa = PBXGroup;
			children = (
				3496BA3C200CE9F5008E60A2 /* WBVisitorView.swift */,
			);
			path = VisitorView;
			sourceTree = "<group>";
		};
		349DDE262006FDA10078743F /* Recovered References */ = {
			isa = PBXGroup;
			children = (
				34C7CDBE200654AB0000C6C6 /* NSString+CZBase64.m */,
				34C7CDC5200654AB0000C6C6 /* NSObject+CZRuntime.m */,
				34C7CDCC200654AB0000C6C6 /* NSAttributedString+CZAdditon.m */,
				34C7CDCD200654AB0000C6C6 /* NSArray+Log.m */,
				34C7CDBA200654AB0000C6C6 /* UIScreen+CZAddition.m */,
				34C7CDC2200654AB0000C6C6 /* UIButton+CZAddition.m */,
				34C7CDC9200654AB0000C6C6 /* NSString+CZHash.m */,
				34C7CDC8200654AB0000C6C6 /* UIViewController+CZAddition.m */,
				34C7CDBC200654AB0000C6C6 /* UILabel+CZAddition.m */,
				34C7CDBF200654AB0000C6C6 /* NSString+CZPath.m */,
				34C7CDB6200654AB0000C6C6 /* UIColor+CZAddition.m */,
				34C7CDB7200654AB0000C6C6 /* UIView+CZAddition.m */,
			);
			name = "Recovered References";
			sourceTree = "<group>";
		};
		349DDE272006FDC10078743F /* ViewModel */ = {
			isa = PBXGroup;
			children = (
				34AAD0402018B1030023BF39 /* WBSatuesListViewModel.swift */,
				34D6DCB32056B67300F6E691 /* WBSatuesViewModel.swift */,
			);
			path = ViewModel;
			sourceTree = "<group>";
		};
		349DDE282006FDC10078743F /* Model */ = {
			isa = PBXGroup;
			children = (
				345C9F172020308E001BA70C /* Statuse.swift */,
				345C9F1E202030BC001BA70C /* Annotation.swift */,
				345C9F1A202030BB001BA70C /* CommentManageInfo.swift */,
				345C9F20202030BD001BA70C /* ExtendInfo.swift */,
				345C9F19202030BB001BA70C /* Insecurity.swift */,
				345C9F1F202030BC001BA70C /* PicUrl.swift */,
				345C9F22202030BD001BA70C /* RetweetedStatu.swift */,
				345C9F1B202030BB001BA70C /* RootClass.swift */,
				345C9F21202030BD001BA70C /* User.swift */,
				345C9F1C202030BB001BA70C /* Visible.swift */,
				345C9F1D202030BB001BA70C /* WeiboCamera.swift */,
				34AAD03E2018ADF00023BF39 /* WBSatues.swift */,
				34D6DCB12056AEEA00F6E691 /* WBUser.swift */,
			);
			path = Model;
			sourceTree = "<group>";
		};
		349DDE292006FDC90078743F /* Tools */ = {
			isa = PBXGroup;
			children = (
				3403743C201762990004A833 /* NetWork */,
				349DDE9B200703FD0078743F /* Extension */,
				349DDE502006FFD80078743F /* Additions */,
				34127FCF20287AFC000FF9DB /* WeiboCommon.swift */,
			);
			path = Tools;
			sourceTree = "<group>";
		};
		349DDE502006FFD80078743F /* Additions */ = {
			isa = PBXGroup;
			children = (
				349DDE81200700260078743F /* CZAdditions.h */,
				349DDE83200700260078743F /* NSArray+Log.h */,
				349DDE78200700250078743F /* NSArray+Log.m */,
				349DDE89200700270078743F /* NSAttributedString+CZAdditon.h */,
				349DDE7B200700250078743F /* NSAttributedString+CZAdditon.m */,
				349DDE8B200700270078743F /* NSObject+CZRuntime.h */,
				349DDE8A200700270078743F /* NSObject+CZRuntime.m */,
				349DDE84200700260078743F /* NSString+CZBase64.h */,
				349DDE86200700260078743F /* NSString+CZBase64.m */,
				349DDE8C200700270078743F /* NSString+CZHash.h */,
				349DDE7C200700250078743F /* NSString+CZHash.m */,
				349DDE7E200700250078743F /* NSString+CZPath.h */,
				349DDE7F200700260078743F /* NSString+CZPath.m */,
				349DDE8D200700270078743F /* UIButton+CZAddition.h */,
				349DDE80200700260078743F /* UIButton+CZAddition.m */,
				349DDE87200700260078743F /* UIColor+CZAddition.h */,
				349DDE7A200700250078743F /* UIColor+CZAddition.m */,
				349DDE7D200700250078743F /* UILabel+CZAddition.h */,
				349DDE77200700250078743F /* UILabel+CZAddition.m */,
				349DDE85200700260078743F /* UIScreen+CZAddition.h */,
				349DDE79200700250078743F /* UIScreen+CZAddition.m */,
				349DDE82200700260078743F /* UIView+CZAddition.h */,
				349DDE8E200700280078743F /* UIView+CZAddition.m */,
				349DDE88200700270078743F /* UIViewController+CZAddition.h */,
				349DDE76200700250078743F /* UIViewController+CZAddition.m */,
			);
			path = Additions;
			sourceTree = "<group>";
		};
		349DDE9B200703FD0078743F /* Extension */ = {
			isa = PBXGroup;
			children = (
				349DDE9E200708BD0078743F /* Bundle+Extensions.swift */,
				349DDEA82008898D0078743F /* UIBarButtonitem+Extensions.swift */,
				349DDE9C200704550078743F /* Extension+Controller.swift */,
				3495713A200C473A00F77C55 /* WBNavBar.swift */,
				34D6DCB52058007100F6E691 /* UIImageView+WebImage.swift */,
			);
			path = Extension;
			sourceTree = "<group>";
		};
		34AC7FFD20457FF500B1BEBC /* TitleButton */ = {
			isa = PBXGroup;
			children = (
				34AC7FFE2045803300B1BEBC /* WBTitleButton.swift */,
			);
			path = TitleButton;
			sourceTree = "<group>";
		};
		34AC800020458A8C00B1BEBC /* NewFeature */ = {
			isa = PBXGroup;
			children = (
				34AC800120458C8700B1BEBC /* WBWelcomeView.swift */,
				34AC80072046D10900B1BEBC /* WBWelcomeView.xib */,
				34AC800320458CF500B1BEBC /* WBNewFeature.swift */,
				34AC80092046E00A00B1BEBC /* WBNewFeature.xib */,
			);
			path = NewFeature;
			sourceTree = "<group>";
		};
		34BE6AA7202D9CDB00DCCA21 /* Model */ = {
			isa = PBXGroup;
			children = (
				34BE6AA8202D9D2100DCCA21 /* WBUserAccount.swift */,
			);
			path = Model;
			sourceTree = "<group>";
		};
		34D6DCAC2051595800F6E691 /* StatusCell */ = {
			isa = PBXGroup;
			children = (
				34D6DCAD205159AC00F6E691 /* WBStatusCell.swift */,
				34D6DCAF205159E900F6E691 /* WBStatusNormalCell.xib */,
			);
			path = StatusCell;
			sourceTree = "<group>";
		};
		BC34121C875B146C2430D507 /* Pods */ = {
			isa = PBXGroup;
			children = (
				696EB16F50A127B2E73E61A9 /* Pods-Weibo.debug.xcconfig */,
				D5E97BF3D7703BBB6491A7F6 /* Pods-Weibo.release.xcconfig */,
				E4ED283C3B0DD4C2AA6FFE77 /* Pods-WeiboTests.debug.xcconfig */,
				D24BD9E151C07DFFF417B93B /* Pods-WeiboTests.release.xcconfig */,
				25B2985AB68DADC6A58B4B9E /* Pods-WeiboUITests.debug.xcconfig */,
				E28A91C2A8B1FF3B837A9B99 /* Pods-WeiboUITests.release.xcconfig */,
			);
			name = Pods;
			sourceTree = "<group>";
		};
		FD0DE71A3384E37F63554193 /* Frameworks */ = {
			isa = PBXGroup;
			children = (
				5AF918B26D8611DDC43B865C /* Pods_Weibo.framework */,
				10B556227FCB1A2694AC0FF4 /* Pods_WeiboTests.framework */,
				3D8D4DB571E88859224BE522 /* Pods_WeiboUITests.framework */,
			);
			name = Frameworks;
			sourceTree = "<group>";
		};
/* End PBXGroup section */

/* Begin PBXNativeTarget section */
		3481AF792005DF96009F58BF /* Weibo */ = {
			isa = PBXNativeTarget;
			buildConfigurationList = 3481AFA22005DF96009F58BF /* Build configuration list for PBXNativeTarget "Weibo" */;
			buildPhases = (
				34632CF3C6E9BF441EB0699E /* [CP] Check Pods Manifest.lock */,
				3481AF762005DF96009F58BF /* Sources */,
				3481AF772005DF96009F58BF /* Frameworks */,
				3481AF782005DF96009F58BF /* Resources */,
				94E4476EC4B9BAF118879FD9 /* [CP] Embed Pods Frameworks */,
				B767412DA26638F2C0AC21D7 /* [CP] Copy Pods Resources */,
			);
			buildRules = (
			);
			dependencies = (
			);
			name = Weibo;
			productName = Weibo;
			productReference = 3481AF7A2005DF96009F58BF /* Weibo.app */;
			productType = "com.apple.product-type.application";
		};
		3481AF8D2005DF96009F58BF /* WeiboTests */ = {
			isa = PBXNativeTarget;
			buildConfigurationList = 3481AFA52005DF96009F58BF /* Build configuration list for PBXNativeTarget "WeiboTests" */;
			buildPhases = (
				5B730C89F14B8B936E19C62E /* [CP] Check Pods Manifest.lock */,
				3481AF8A2005DF96009F58BF /* Sources */,
				3481AF8B2005DF96009F58BF /* Frameworks */,
				3481AF8C2005DF96009F58BF /* Resources */,
				B996E7CAE8B4E2BABB51F15B /* [CP] Embed Pods Frameworks */,
				5A7868CCBC7D17E36126F9A8 /* [CP] Copy Pods Resources */,
			);
			buildRules = (
			);
			dependencies = (
				3481AF902005DF96009F58BF /* PBXTargetDependency */,
			);
			name = WeiboTests;
			productName = WeiboTests;
			productReference = 3481AF8E2005DF96009F58BF /* WeiboTests.xctest */;
			productType = "com.apple.product-type.bundle.unit-test";
		};
		3481AF982005DF96009F58BF /* WeiboUITests */ = {
			isa = PBXNativeTarget;
			buildConfigurationList = 3481AFA82005DF96009F58BF /* Build configuration list for PBXNativeTarget "WeiboUITests" */;
			buildPhases = (
				F388EE17E73BAD239C60C36B /* [CP] Check Pods Manifest.lock */,
				3481AF952005DF96009F58BF /* Sources */,
				3481AF962005DF96009F58BF /* Frameworks */,
				3481AF972005DF96009F58BF /* Resources */,
				C7E99A37D402D3CB7DE5667F /* [CP] Embed Pods Frameworks */,
				EE2D2AA923B6D0901AA79A2A /* [CP] Copy Pods Resources */,
			);
			buildRules = (
			);
			dependencies = (
				3481AF9B2005DF96009F58BF /* PBXTargetDependency */,
			);
			name = WeiboUITests;
			productName = WeiboUITests;
			productReference = 3481AF992005DF96009F58BF /* WeiboUITests.xctest */;
			productType = "com.apple.product-type.bundle.ui-testing";
		};
/* End PBXNativeTarget section */

/* Begin PBXProject section */
		3481AF722005DF96009F58BF /* Project object */ = {
			isa = PBXProject;
			attributes = {
				CLASSPREFIX = WB;
				LastSwiftUpdateCheck = 0920;
				LastUpgradeCheck = 0920;
				ORGANIZATIONNAME = "张旭";
				TargetAttributes = {
					3481AF792005DF96009F58BF = {
						CreatedOnToolsVersion = 9.2;
						ProvisioningStyle = Automatic;
					};
					3481AF8D2005DF96009F58BF = {
						CreatedOnToolsVersion = 9.2;
						ProvisioningStyle = Automatic;
						TestTargetID = 3481AF792005DF96009F58BF;
					};
					3481AF982005DF96009F58BF = {
						CreatedOnToolsVersion = 9.2;
						ProvisioningStyle = Automatic;
						TestTargetID = 3481AF792005DF96009F58BF;
					};
				};
			};
			buildConfigurationList = 3481AF752005DF96009F58BF /* Build configuration list for PBXProject "Weibo" */;
			compatibilityVersion = "Xcode 8.0";
			developmentRegion = en;
			hasScannedForEncodings = 0;
			knownRegions = (
				en,
				Base,
			);
			mainGroup = 3481AF712005DF96009F58BF;
			productRefGroup = 3481AF7B2005DF96009F58BF /* Products */;
			projectDirPath = "";
			projectRoot = "";
			targets = (
				3481AF792005DF96009F58BF /* Weibo */,
				3481AF8D2005DF96009F58BF /* WeiboTests */,
				3481AF982005DF96009F58BF /* WeiboUITests */,
			);
		};
/* End PBXProject section */

/* Begin PBXResourcesBuildPhase section */
		3481AF782005DF96009F58BF /* Resources */ = {
			isa = PBXResourcesBuildPhase;
			buildActionMask = 2147483647;
			files = (
				34D6DCB0205159E900F6E691 /* WBStatusNormalCell.xib in Resources */,
				34AC800A2046E00A00B1BEBC /* WBNewFeature.xib in Resources */,
				3444C64D200F79CC00A0F154 /* main.json in Resources */,
				3481AF852005DF96009F58BF /* Assets.xcassets in Resources */,
				34AC80082046D10900B1BEBC /* WBWelcomeView.xib in Resources */,
			);
			runOnlyForDeploymentPostprocessing = 0;
		};
		3481AF8C2005DF96009F58BF /* Resources */ = {
			isa = PBXResourcesBuildPhase;
			buildActionMask = 2147483647;
			files = (
			);
			runOnlyForDeploymentPostprocessing = 0;
		};
		3481AF972005DF96009F58BF /* Resources */ = {
			isa = PBXResourcesBuildPhase;
			buildActionMask = 2147483647;
			files = (
			);
			runOnlyForDeploymentPostprocessing = 0;
		};
/* End PBXResourcesBuildPhase section */

/* Begin PBXShellScriptBuildPhase section */
		34632CF3C6E9BF441EB0699E /* [CP] Check Pods Manifest.lock */ = {
			isa = PBXShellScriptBuildPhase;
			buildActionMask = 2147483647;
			files = (
			);
			inputPaths = (
				"${PODS_PODFILE_DIR_PATH}/Podfile.lock",
				"${PODS_ROOT}/Manifest.lock",
			);
			name = "[CP] Check Pods Manifest.lock";
			outputPaths = (
				"$(DERIVED_FILE_DIR)/Pods-Weibo-checkManifestLockResult.txt",
			);
			runOnlyForDeploymentPostprocessing = 0;
			shellPath = /bin/sh;
			shellScript = "diff \"${PODS_PODFILE_DIR_PATH}/Podfile.lock\" \"${PODS_ROOT}/Manifest.lock\" > /dev/null\nif [ $? != 0 ] ; then\n    # print error to STDERR\n    echo \"error: The sandbox is not in sync with the Podfile.lock. Run 'pod install' or update your CocoaPods installation.\" >&2\n    exit 1\nfi\n# This output is used by Xcode 'outputs' to avoid re-running this script phase.\necho \"SUCCESS\" > \"${SCRIPT_OUTPUT_FILE_0}\"\n";
			showEnvVarsInLog = 0;
		};
		5A7868CCBC7D17E36126F9A8 /* [CP] Copy Pods Resources */ = {
			isa = PBXShellScriptBuildPhase;
			buildActionMask = 2147483647;
			files = (
			);
			inputPaths = (
			);
			name = "[CP] Copy Pods Resources";
			outputPaths = (
			);
			runOnlyForDeploymentPostprocessing = 0;
			shellPath = /bin/sh;
			shellScript = "\"${SRCROOT}/Pods/Target Support Files/Pods-WeiboTests/Pods-WeiboTests-resources.sh\"\n";
			showEnvVarsInLog = 0;
		};
		5B730C89F14B8B936E19C62E /* [CP] Check Pods Manifest.lock */ = {
			isa = PBXShellScriptBuildPhase;
			buildActionMask = 2147483647;
			files = (
			);
			inputPaths = (
				"${PODS_PODFILE_DIR_PATH}/Podfile.lock",
				"${PODS_ROOT}/Manifest.lock",
			);
			name = "[CP] Check Pods Manifest.lock";
			outputPaths = (
				"$(DERIVED_FILE_DIR)/Pods-WeiboTests-checkManifestLockResult.txt",
			);
			runOnlyForDeploymentPostprocessing = 0;
			shellPath = /bin/sh;
			shellScript = "diff \"${PODS_PODFILE_DIR_PATH}/Podfile.lock\" \"${PODS_ROOT}/Manifest.lock\" > /dev/null\nif [ $? != 0 ] ; then\n    # print error to STDERR\n    echo \"error: The sandbox is not in sync with the Podfile.lock. Run 'pod install' or update your CocoaPods installation.\" >&2\n    exit 1\nfi\n# This output is used by Xcode 'outputs' to avoid re-running this script phase.\necho \"SUCCESS\" > \"${SCRIPT_OUTPUT_FILE_0}\"\n";
			showEnvVarsInLog = 0;
		};
		94E4476EC4B9BAF118879FD9 /* [CP] Embed Pods Frameworks */ = {
			isa = PBXShellScriptBuildPhase;
			buildActionMask = 2147483647;
			files = (
			);
			inputPaths = (
				"${SRCROOT}/Pods/Target Support Files/Pods-Weibo/Pods-Weibo-frameworks.sh",
				"${BUILT_PRODUCTS_DIR}/AFNetworking/AFNetworking.framework",
				"${BUILT_PRODUCTS_DIR}/FMDB/FMDB.framework",
				"${BUILT_PRODUCTS_DIR}/SDWebImage/SDWebImage.framework",
				"${BUILT_PRODUCTS_DIR}/SVProgressHUD/SVProgressHUD.framework",
				"${BUILT_PRODUCTS_DIR}/YYModel/YYModel.framework",
				"${BUILT_PRODUCTS_DIR}/pop/pop.framework",
			);
			name = "[CP] Embed Pods Frameworks";
			outputPaths = (
				"${TARGET_BUILD_DIR}/${FRAMEWORKS_FOLDER_PATH}/AFNetworking.framework",
				"${TARGET_BUILD_DIR}/${FRAMEWORKS_FOLDER_PATH}/FMDB.framework",
				"${TARGET_BUILD_DIR}/${FRAMEWORKS_FOLDER_PATH}/SDWebImage.framework",
				"${TARGET_BUILD_DIR}/${FRAMEWORKS_FOLDER_PATH}/SVProgressHUD.framework",
				"${TARGET_BUILD_DIR}/${FRAMEWORKS_FOLDER_PATH}/YYModel.framework",
				"${TARGET_BUILD_DIR}/${FRAMEWORKS_FOLDER_PATH}/pop.framework",
			);
			runOnlyForDeploymentPostprocessing = 0;
			shellPath = /bin/sh;
			shellScript = "\"${SRCROOT}/Pods/Target Support Files/Pods-Weibo/Pods-Weibo-frameworks.sh\"\n";
			showEnvVarsInLog = 0;
		};
		B767412DA26638F2C0AC21D7 /* [CP] Copy Pods Resources */ = {
			isa = PBXShellScriptBuildPhase;
			buildActionMask = 2147483647;
			files = (
			);
			inputPaths = (
			);
			name = "[CP] Copy Pods Resources";
			outputPaths = (
			);
			runOnlyForDeploymentPostprocessing = 0;
			shellPath = /bin/sh;
			shellScript = "\"${SRCROOT}/Pods/Target Support Files/Pods-Weibo/Pods-Weibo-resources.sh\"\n";
			showEnvVarsInLog = 0;
		};
		B996E7CAE8B4E2BABB51F15B /* [CP] Embed Pods Frameworks */ = {
			isa = PBXShellScriptBuildPhase;
			buildActionMask = 2147483647;
			files = (
			);
			inputPaths = (
			);
			name = "[CP] Embed Pods Frameworks";
			outputPaths = (
			);
			runOnlyForDeploymentPostprocessing = 0;
			shellPath = /bin/sh;
			shellScript = "\"${SRCROOT}/Pods/Target Support Files/Pods-WeiboTests/Pods-WeiboTests-frameworks.sh\"\n";
			showEnvVarsInLog = 0;
		};
		C7E99A37D402D3CB7DE5667F /* [CP] Embed Pods Frameworks */ = {
			isa = PBXShellScriptBuildPhase;
			buildActionMask = 2147483647;
			files = (
			);
			inputPaths = (
			);
			name = "[CP] Embed Pods Frameworks";
			outputPaths = (
			);
			runOnlyForDeploymentPostprocessing = 0;
			shellPath = /bin/sh;
			shellScript = "\"${SRCROOT}/Pods/Target Support Files/Pods-WeiboUITests/Pods-WeiboUITests-frameworks.sh\"\n";
			showEnvVarsInLog = 0;
		};
		EE2D2AA923B6D0901AA79A2A /* [CP] Copy Pods Resources */ = {
			isa = PBXShellScriptBuildPhase;
			buildActionMask = 2147483647;
			files = (
			);
			inputPaths = (
			);
			name = "[CP] Copy Pods Resources";
			outputPaths = (
			);
			runOnlyForDeploymentPostprocessing = 0;
			shellPath = /bin/sh;
			shellScript = "\"${SRCROOT}/Pods/Target Support Files/Pods-WeiboUITests/Pods-WeiboUITests-resources.sh\"\n";
			showEnvVarsInLog = 0;
		};
		F388EE17E73BAD239C60C36B /* [CP] Check Pods Manifest.lock */ = {
			isa = PBXShellScriptBuildPhase;
			buildActionMask = 2147483647;
			files = (
			);
			inputPaths = (
				"${PODS_PODFILE_DIR_PATH}/Podfile.lock",
				"${PODS_ROOT}/Manifest.lock",
			);
			name = "[CP] Check Pods Manifest.lock";
			outputPaths = (
				"$(DERIVED_FILE_DIR)/Pods-WeiboUITests-checkManifestLockResult.txt",
			);
			runOnlyForDeploymentPostprocessing = 0;
			shellPath = /bin/sh;
			shellScript = "diff \"${PODS_PODFILE_DIR_PATH}/Podfile.lock\" \"${PODS_ROOT}/Manifest.lock\" > /dev/null\nif [ $? != 0 ] ; then\n    # print error to STDERR\n    echo \"error: The sandbox is not in sync with the Podfile.lock. Run 'pod install' or update your CocoaPods installation.\" >&2\n    exit 1\nfi\n# This output is used by Xcode 'outputs' to avoid re-running this script phase.\necho \"SUCCESS\" > \"${SCRIPT_OUTPUT_FILE_0}\"\n";
			showEnvVarsInLog = 0;
		};
/* End PBXShellScriptBuildPhase section */

/* Begin PBXSourcesBuildPhase section */
		3481AF762005DF96009F58BF /* Sources */ = {
			isa = PBXSourcesBuildPhase;
			buildActionMask = 2147483647;
			files = (
				349DDE8F200700280078743F /* UIViewController+CZAddition.m in Sources */,
				34AC7FFF2045803300B1BEBC /* WBTitleButton.swift in Sources */,
				346FEF7E2007A463003EE3C8 /* WBDemoViewController.swift in Sources */,
				345C9F24202030BE001BA70C /* Insecurity.swift in Sources */,
				34BE6AA9202D9D2100DCCA21 /* WBUserAccount.swift in Sources */,
				345C9F26202030BE001BA70C /* RootClass.swift in Sources */,
				349DDE99200700280078743F /* NSObject+CZRuntime.m in Sources */,
				3415EC6C200610F30087B901 /* WBBaseViewController.swift in Sources */,
				349DDE94200700280078743F /* NSAttributedString+CZAdditon.m in Sources */,
				349DDE98200700280078743F /* NSString+CZBase64.m in Sources */,
				345C9F27202030BE001BA70C /* Visible.swift in Sources */,
				34127FD320287E63000FF9DB /* WBOAuthViewController.swift in Sources */,
				3415EC74200612620087B901 /* WBProfileViewController.swift in Sources */,
				34D6DCB62058007100F6E691 /* UIImageView+WebImage.swift in Sources */,
				345C9F28202030BE001BA70C /* WeiboCamera.swift in Sources */,
				3415EC72200612470087B901 /* WBDiscoverViewController.swift in Sources */,
				3415EC68200610210087B901 /* WBMainViewController.swift in Sources */,
				345C9F2A202030BE001BA70C /* PicUrl.swift in Sources */,
				3415EC6E200611E30087B901 /* WBHomeViewController.swift in Sources */,
				345C9F29202030BE001BA70C /* Annotation.swift in Sources */,
				34BE8585201775DB00B268F7 /* WBNetWorkManager+extension.swift in Sources */,
				34AC800420458CF500B1BEBC /* WBNewFeature.swift in Sources */,
				349DDE95200700280078743F /* NSString+CZHash.m in Sources */,
				345C9F2C202030BE001BA70C /* User.swift in Sources */,
				349DDE91200700280078743F /* NSArray+Log.m in Sources */,
				349DDE96200700280078743F /* NSString+CZPath.m in Sources */,
				34127FD020287AFC000FF9DB /* WeiboCommon.swift in Sources */,
				34D6DCAE205159AC00F6E691 /* WBStatusCell.swift in Sources */,
				345C9F25202030BE001BA70C /* CommentManageInfo.swift in Sources */,
				345C9F182020308F001BA70C /* Statuse.swift in Sources */,
				3481AF7E2005DF96009F58BF /* AppDelegate.swift in Sources */,
				349DDE9F200708BD0078743F /* Bundle+Extensions.swift in Sources */,
				345C9F2B202030BE001BA70C /* ExtendInfo.swift in Sources */,
				349DDE9D200704550078743F /* Extension+Controller.swift in Sources */,
				349DDEA92008898D0078743F /* UIBarButtonitem+Extensions.swift in Sources */,
				3403743E201766320004A833 /* WBNetWorkManager.swift in Sources */,
				349DDE90200700280078743F /* UILabel+CZAddition.m in Sources */,
				3415EC6A200610C00087B901 /* WBNavigationController.swift in Sources */,
				34AAD03F2018ADF00023BF39 /* WBSatues.swift in Sources */,
				349DDE97200700280078743F /* UIButton+CZAddition.m in Sources */,
				345C9F2D202030BE001BA70C /* RetweetedStatu.swift in Sources */,
				3495713B200C473A00F77C55 /* WBNavBar.swift in Sources */,
				349DDE92200700280078743F /* UIScreen+CZAddition.m in Sources */,
				34D6DCB42056B67300F6E691 /* WBSatuesViewModel.swift in Sources */,
				3496BA3D200CE9F5008E60A2 /* WBVisitorView.swift in Sources */,
				34D6DCB22056AEEA00F6E691 /* WBUser.swift in Sources */,
				34AAD0412018B1030023BF39 /* WBSatuesListViewModel.swift in Sources */,
				34AC800220458C8700B1BEBC /* WBWelcomeView.swift in Sources */,
				349DDE93200700280078743F /* UIColor+CZAddition.m in Sources */,
				3415EC70200612230087B901 /* WBMessageViewController.swift in Sources */,
				349DDE9A200700280078743F /* UIView+CZAddition.m in Sources */,
			);
			runOnlyForDeploymentPostprocessing = 0;
		};
		3481AF8A2005DF96009F58BF /* Sources */ = {
			isa = PBXSourcesBuildPhase;
			buildActionMask = 2147483647;
			files = (
				3481AF932005DF96009F58BF /* WeiboTests.swift in Sources */,
			);
			runOnlyForDeploymentPostprocessing = 0;
		};
		3481AF952005DF96009F58BF /* Sources */ = {
			isa = PBXSourcesBuildPhase;
			buildActionMask = 2147483647;
			files = (
				3481AF9E2005DF96009F58BF /* WeiboUITests.swift in Sources */,
			);
			runOnlyForDeploymentPostprocessing = 0;
		};
/* End PBXSourcesBuildPhase section */

/* Begin PBXTargetDependency section */
		3481AF902005DF96009F58BF /* PBXTargetDependency */ = {
			isa = PBXTargetDependency;
			target = 3481AF792005DF96009F58BF /* Weibo */;
			targetProxy = 3481AF8F2005DF96009F58BF /* PBXContainerItemProxy */;
		};
		3481AF9B2005DF96009F58BF /* PBXTargetDependency */ = {
			isa = PBXTargetDependency;
			target = 3481AF792005DF96009F58BF /* Weibo */;
			targetProxy = 3481AF9A2005DF96009F58BF /* PBXContainerItemProxy */;
		};
/* End PBXTargetDependency section */

/* Begin XCBuildConfiguration section */
		3481AFA02005DF96009F58BF /* Debug */ = {
			isa = XCBuildConfiguration;
			buildSettings = {
				ALWAYS_SEARCH_USER_PATHS = NO;
				CLANG_ANALYZER_NONNULL = YES;
				CLANG_ANALYZER_NUMBER_OBJECT_CONVERSION = YES_AGGRESSIVE;
				CLANG_CXX_LANGUAGE_STANDARD = "gnu++14";
				CLANG_CXX_LIBRARY = "libc++";
				CLANG_ENABLE_MODULES = YES;
				CLANG_ENABLE_OBJC_ARC = YES;
				CLANG_WARN_BLOCK_CAPTURE_AUTORELEASING = YES;
				CLANG_WARN_BOOL_CONVERSION = YES;
				CLANG_WARN_COMMA = YES;
				CLANG_WARN_CONSTANT_CONVERSION = YES;
				CLANG_WARN_DIRECT_OBJC_ISA_USAGE = YES_ERROR;
				CLANG_WARN_DOCUMENTATION_COMMENTS = YES;
				CLANG_WARN_EMPTY_BODY = YES;
				CLANG_WARN_ENUM_CONVERSION = YES;
				CLANG_WARN_INFINITE_RECURSION = YES;
				CLANG_WARN_INT_CONVERSION = YES;
				CLANG_WARN_NON_LITERAL_NULL_CONVERSION = YES;
				CLANG_WARN_OBJC_LITERAL_CONVERSION = YES;
				CLANG_WARN_OBJC_ROOT_CLASS = YES_ERROR;
				CLANG_WARN_RANGE_LOOP_ANALYSIS = YES;
				CLANG_WARN_STRICT_PROTOTYPES = YES;
				CLANG_WARN_SUSPICIOUS_MOVE = YES;
				CLANG_WARN_UNGUARDED_AVAILABILITY = YES_AGGRESSIVE;
				CLANG_WARN_UNREACHABLE_CODE = YES;
				CLANG_WARN__DUPLICATE_METHOD_MATCH = YES;
				CODE_SIGN_IDENTITY = "iPhone Developer";
				COPY_PHASE_STRIP = NO;
				DEBUG_INFORMATION_FORMAT = dwarf;
				ENABLE_STRICT_OBJC_MSGSEND = YES;
				ENABLE_TESTABILITY = YES;
				GCC_C_LANGUAGE_STANDARD = gnu11;
				GCC_DYNAMIC_NO_PIC = NO;
				GCC_NO_COMMON_BLOCKS = YES;
				GCC_OPTIMIZATION_LEVEL = 0;
				GCC_PREPROCESSOR_DEFINITIONS = (
					"DEBUG=1",
					"$(inherited)",
				);
				GCC_WARN_64_TO_32_BIT_CONVERSION = YES;
				GCC_WARN_ABOUT_RETURN_TYPE = YES_ERROR;
				GCC_WARN_UNDECLARED_SELECTOR = YES;
				GCC_WARN_UNINITIALIZED_AUTOS = YES_AGGRESSIVE;
				GCC_WARN_UNUSED_FUNCTION = YES;
				GCC_WARN_UNUSED_VARIABLE = YES;
				IPHONEOS_DEPLOYMENT_TARGET = 11.2;
				MTL_ENABLE_DEBUG_INFO = YES;
				ONLY_ACTIVE_ARCH = YES;
				SDKROOT = iphoneos;
				SWIFT_ACTIVE_COMPILATION_CONDITIONS = DEBUG;
				SWIFT_OPTIMIZATION_LEVEL = "-Onone";
			};
			name = Debug;
		};
		3481AFA12005DF96009F58BF /* Release */ = {
			isa = XCBuildConfiguration;
			buildSettings = {
				ALWAYS_SEARCH_USER_PATHS = NO;
				CLANG_ANALYZER_NONNULL = YES;
				CLANG_ANALYZER_NUMBER_OBJECT_CONVERSION = YES_AGGRESSIVE;
				CLANG_CXX_LANGUAGE_STANDARD = "gnu++14";
				CLANG_CXX_LIBRARY = "libc++";
				CLANG_ENABLE_MODULES = YES;
				CLANG_ENABLE_OBJC_ARC = YES;
				CLANG_WARN_BLOCK_CAPTURE_AUTORELEASING = YES;
				CLANG_WARN_BOOL_CONVERSION = YES;
				CLANG_WARN_COMMA = YES;
				CLANG_WARN_CONSTANT_CONVERSION = YES;
				CLANG_WARN_DIRECT_OBJC_ISA_USAGE = YES_ERROR;
				CLANG_WARN_DOCUMENTATION_COMMENTS = YES;
				CLANG_WARN_EMPTY_BODY = YES;
				CLANG_WARN_ENUM_CONVERSION = YES;
				CLANG_WARN_INFINITE_RECURSION = YES;
				CLANG_WARN_INT_CONVERSION = YES;
				CLANG_WARN_NON_LITERAL_NULL_CONVERSION = YES;
				CLANG_WARN_OBJC_LITERAL_CONVERSION = YES;
				CLANG_WARN_OBJC_ROOT_CLASS = YES_ERROR;
				CLANG_WARN_RANGE_LOOP_ANALYSIS = YES;
				CLANG_WARN_STRICT_PROTOTYPES = YES;
				CLANG_WARN_SUSPICIOUS_MOVE = YES;
				CLANG_WARN_UNGUARDED_AVAILABILITY = YES_AGGRESSIVE;
				CLANG_WARN_UNREACHABLE_CODE = YES;
				CLANG_WARN__DUPLICATE_METHOD_MATCH = YES;
				CODE_SIGN_IDENTITY = "iPhone Developer";
				COPY_PHASE_STRIP = NO;
				DEBUG_INFORMATION_FORMAT = "dwarf-with-dsym";
				ENABLE_NS_ASSERTIONS = NO;
				ENABLE_STRICT_OBJC_MSGSEND = YES;
				GCC_C_LANGUAGE_STANDARD = gnu11;
				GCC_NO_COMMON_BLOCKS = YES;
				GCC_WARN_64_TO_32_BIT_CONVERSION = YES;
				GCC_WARN_ABOUT_RETURN_TYPE = YES_ERROR;
				GCC_WARN_UNDECLARED_SELECTOR = YES;
				GCC_WARN_UNINITIALIZED_AUTOS = YES_AGGRESSIVE;
				GCC_WARN_UNUSED_FUNCTION = YES;
				GCC_WARN_UNUSED_VARIABLE = YES;
				IPHONEOS_DEPLOYMENT_TARGET = 11.2;
				MTL_ENABLE_DEBUG_INFO = NO;
				SDKROOT = iphoneos;
				SWIFT_OPTIMIZATION_LEVEL = "-Owholemodule";
				VALIDATE_PRODUCT = YES;
			};
			name = Release;
		};
		3481AFA32005DF96009F58BF /* Debug */ = {
			isa = XCBuildConfiguration;
			baseConfigurationReference = 696EB16F50A127B2E73E61A9 /* Pods-Weibo.debug.xcconfig */;
			buildSettings = {
				ASSETCATALOG_COMPILER_APPICON_NAME = AppIcon;
				ASSETCATALOG_COMPILER_LAUNCHIMAGE_NAME = LaunchImage;
				CODE_SIGN_STYLE = Automatic;
				INFOPLIST_FILE = Weibo/Info.plist;
				IPHONEOS_DEPLOYMENT_TARGET = 8.0;
				LD_RUNPATH_SEARCH_PATHS = "$(inherited) @executable_path/Frameworks";
				PRODUCT_BUNDLE_IDENTIFIER = com.zhangXu..Weibo;
				PRODUCT_NAME = "$(TARGET_NAME)";
				SWIFT_OBJC_BRIDGING_HEADER = "Weibo/Weibo-Bridge.h";
				SWIFT_SWIFT3_OBJC_INFERENCE = Default;
				SWIFT_VERSION = 4.0;
				TARGETED_DEVICE_FAMILY = "1,2";
			};
			name = Debug;
		};
		3481AFA42005DF96009F58BF /* Release */ = {
			isa = XCBuildConfiguration;
			baseConfigurationReference = D5E97BF3D7703BBB6491A7F6 /* Pods-Weibo.release.xcconfig */;
			buildSettings = {
				ASSETCATALOG_COMPILER_APPICON_NAME = AppIcon;
				ASSETCATALOG_COMPILER_LAUNCHIMAGE_NAME = LaunchImage;
				CODE_SIGN_STYLE = Automatic;
				INFOPLIST_FILE = Weibo/Info.plist;
				IPHONEOS_DEPLOYMENT_TARGET = 8.0;
				LD_RUNPATH_SEARCH_PATHS = "$(inherited) @executable_path/Frameworks";
				PRODUCT_BUNDLE_IDENTIFIER = com.zhangXu..Weibo;
				PRODUCT_NAME = "$(TARGET_NAME)";
				SWIFT_OBJC_BRIDGING_HEADER = "Weibo/Weibo-Bridge.h";
				SWIFT_SWIFT3_OBJC_INFERENCE = Default;
				SWIFT_VERSION = 4.0;
				TARGETED_DEVICE_FAMILY = "1,2";
			};
			name = Release;
		};
		3481AFA62005DF96009F58BF /* Debug */ = {
			isa = XCBuildConfiguration;
			baseConfigurationReference = E4ED283C3B0DD4C2AA6FFE77 /* Pods-WeiboTests.debug.xcconfig */;
			buildSettings = {
				ALWAYS_EMBED_SWIFT_STANDARD_LIBRARIES = YES;
				BUNDLE_LOADER = "$(TEST_HOST)";
				CODE_SIGN_STYLE = Automatic;
				INFOPLIST_FILE = WeiboTests/Info.plist;
				LD_RUNPATH_SEARCH_PATHS = "$(inherited) @executable_path/Frameworks @loader_path/Frameworks";
				PRODUCT_BUNDLE_IDENTIFIER = com.zhangXu..WeiboTests;
				PRODUCT_NAME = "$(TARGET_NAME)";
				SWIFT_VERSION = 4.0;
				TARGETED_DEVICE_FAMILY = "1,2";
				TEST_HOST = "$(BUILT_PRODUCTS_DIR)/Weibo.app/Weibo";
			};
			name = Debug;
		};
		3481AFA72005DF96009F58BF /* Release */ = {
			isa = XCBuildConfiguration;
			baseConfigurationReference = D24BD9E151C07DFFF417B93B /* Pods-WeiboTests.release.xcconfig */;
			buildSettings = {
				ALWAYS_EMBED_SWIFT_STANDARD_LIBRARIES = YES;
				BUNDLE_LOADER = "$(TEST_HOST)";
				CODE_SIGN_STYLE = Automatic;
				INFOPLIST_FILE = WeiboTests/Info.plist;
				LD_RUNPATH_SEARCH_PATHS = "$(inherited) @executable_path/Frameworks @loader_path/Frameworks";
				PRODUCT_BUNDLE_IDENTIFIER = com.zhangXu..WeiboTests;
				PRODUCT_NAME = "$(TARGET_NAME)";
				SWIFT_VERSION = 4.0;
				TARGETED_DEVICE_FAMILY = "1,2";
				TEST_HOST = "$(BUILT_PRODUCTS_DIR)/Weibo.app/Weibo";
			};
			name = Release;
		};
		3481AFA92005DF96009F58BF /* Debug */ = {
			isa = XCBuildConfiguration;
			baseConfigurationReference = 25B2985AB68DADC6A58B4B9E /* Pods-WeiboUITests.debug.xcconfig */;
			buildSettings = {
				ALWAYS_EMBED_SWIFT_STANDARD_LIBRARIES = YES;
				CODE_SIGN_STYLE = Automatic;
				INFOPLIST_FILE = WeiboUITests/Info.plist;
				LD_RUNPATH_SEARCH_PATHS = "$(inherited) @executable_path/Frameworks @loader_path/Frameworks";
				PRODUCT_BUNDLE_IDENTIFIER = com.zhangXu..WeiboUITests;
				PRODUCT_NAME = "$(TARGET_NAME)";
				SWIFT_VERSION = 4.0;
				TARGETED_DEVICE_FAMILY = "1,2";
				TEST_TARGET_NAME = Weibo;
			};
			name = Debug;
		};
		3481AFAA2005DF96009F58BF /* Release */ = {
			isa = XCBuildConfiguration;
			baseConfigurationReference = E28A91C2A8B1FF3B837A9B99 /* Pods-WeiboUITests.release.xcconfig */;
			buildSettings = {
				ALWAYS_EMBED_SWIFT_STANDARD_LIBRARIES = YES;
				CODE_SIGN_STYLE = Automatic;
				INFOPLIST_FILE = WeiboUITests/Info.plist;
				LD_RUNPATH_SEARCH_PATHS = "$(inherited) @executable_path/Frameworks @loader_path/Frameworks";
				PRODUCT_BUNDLE_IDENTIFIER = com.zhangXu..WeiboUITests;
				PRODUCT_NAME = "$(TARGET_NAME)";
				SWIFT_VERSION = 4.0;
				TARGETED_DEVICE_FAMILY = "1,2";
				TEST_TARGET_NAME = Weibo;
			};
			name = Release;
		};
/* End XCBuildConfiguration section */

/* Begin XCConfigurationList section */
		3481AF752005DF96009F58BF /* Build configuration list for PBXProject "Weibo" */ = {
			isa = XCConfigurationList;
			buildConfigurations = (
				3481AFA02005DF96009F58BF /* Debug */,
				3481AFA12005DF96009F58BF /* Release */,
			);
			defaultConfigurationIsVisible = 0;
			defaultConfigurationName = Release;
		};
		3481AFA22005DF96009F58BF /* Build configuration list for PBXNativeTarget "Weibo" */ = {
			isa = XCConfigurationList;
			buildConfigurations = (
				3481AFA32005DF96009F58BF /* Debug */,
				3481AFA42005DF96009F58BF /* Release */,
			);
			defaultConfigurationIsVisible = 0;
			defaultConfigurationName = Release;
		};
		3481AFA52005DF96009F58BF /* Build configuration list for PBXNativeTarget "WeiboTests" */ = {
			isa = XCConfigurationList;
			buildConfigurations = (
				3481AFA62005DF96009F58BF /* Debug */,
				3481AFA72005DF96009F58BF /* Release */,
			);
			defaultConfigurationIsVisible = 0;
			defaultConfigurationName = Release;
		};
		3481AFA82005DF96009F58BF /* Build configuration list for PBXNativeTarget "WeiboUITests" */ = {
			isa = XCConfigurationList;
			buildConfigurations = (
				3481AFA92005DF96009F58BF /* Debug */,
				3481AFAA2005DF96009F58BF /* Release */,
			);
			defaultConfigurationIsVisible = 0;
			defaultConfigurationName = Release;
		};
/* End XCConfigurationList section */
	};
	rootObject = 3481AF722005DF96009F58BF /* Project object */;
}
